<Solution>
  <Folder Name="/Projektmappenelemente/">
    <File Path="global.json" />
  </Folder>
  <Folder Name="/src/">
    <Project Path="../../../../../../../../Projects/xXxCoder999xXx/identity-service/src/IdentityService.Api/IdentityService.Api.csproj" />
    <Project Path="../../../../../../../../Projects/xXxCoder999xXx/identity-service/src/IdentityService.Application/IdentityService.Application.csproj" />
    <Project Path="../../../../../../../../Projects/xXxCoder999xXx/identity-service/src/IdentityService.Domain/IdentityService.Domain.csproj" />
    <Project Path="../../../../../../../../Projects/xXxCoder999xXx/identity-service/src/IdentityService.Infrastructure/IdentityService.Infrastructure.csproj" />
  </Folder>
  <Folder Name="/tests/">
    <Project Path="../../../../../../../../Projects/xXxCoder999xXx/identity-service/tests/IdentityService.ArchitectureTests/IdentityService.ArchitectureTests.csproj" />
  </Folder>
</Solution>
